{
  "pins" : [
    {
      "identity" : "realm-core",
      "kind" : "remoteSourceControl",
      "location" : "https://github.com/realm/realm-core.git",
      "state" : {
        "revision" : "f1e962cd447f8b69f8f7cf46a188b1c6246923c5",
        "version" : "13.17.0"
      }
    },
    {
      "identity" : "realm-swift",
      "kind" : "remoteSourceControl",
      "location" : "https://github.com/realm/realm-swift.git",
      "state" : {
        "branch" : "master",
        "revision" : "1794fade961e1b06ca67d8bbd1cc06e4fc2bb484"
      }
    }
  ],
  "version" : 2
}
