// !$*UTF8*$!
{
	archiveVersion = 1;
	classes = {
	};
	objectVersion = 56;
	objects = {

/* Begin PBXBuildFile section */
		4D01B0882A742E54006781BB /* Realm in Frameworks */ = {isa = PBXBuildFile; productRef = 4D01B0872A742E54006781BB /* Realm */; };
		4D01B08A2A742E54006781BB /* RealmSwift in Frameworks */ = {isa = PBXBuildFile; productRef = 4D01B0892A742E54006781BB /* RealmSwift */; };
		4D01B08D2A743499006781BB /* Entry.swift in Sources */ = {isa = PBXBuildFile; fileRef = 4D01B08C2A743499006781BB /* Entry.swift */; };
		4D0A40502A6FF5D100148256 /* MyJournalApp.swift in Sources */ = {isa = PBXBuildFile; fileRef = 4D0A404F2A6FF5D100148256 /* MyJournalApp.swift */; };
		4D0A40522A6FF5D100148256 /* ContentView.swift in Sources */ = {isa = PBXBuildFile; fileRef = 4D0A40512A6FF5D100148256 /* ContentView.swift */; };
		4D0A40542A6FF5D200148256 /* Assets.xcassets in Resources */ = {isa = PBXBuildFile; fileRef = 4D0A40532A6FF5D200148256 /* Assets.xcassets */; };
		4D0A40572A6FF5D200148256 /* Preview Assets.xcassets in Resources */ = {isa = PBXBuildFile; fileRef = 4D0A40562A6FF5D200148256 /* Preview Assets.xcassets */; };
		4D0A40602A6FFC5B00148256 /* ListScreen.swift in Sources */ = {isa = PBXBuildFile; fileRef = 4D0A405F2A6FFC5B00148256 /* ListScreen.swift */; };
		4D0A40622A6FFCE600148256 /* PhotoScreen.swift in Sources */ = {isa = PBXBuildFile; fileRef = 4D0A40612A6FFCE600148256 /* PhotoScreen.swift */; };
		4D2906132A72C6AA00FF3826 /* View+Extensions.swift in Sources */ = {isa = PBXBuildFile; fileRef = 4D2906122A72C6AA00FF3826 /* View+Extensions.swift */; };
		4D75DC142A700B5D007F1101 /* TabbedSidebar.swift in Sources */ = {isa = PBXBuildFile; fileRef = 4D75DC132A700B5D007F1101 /* TabbedSidebar.swift */; };
		4D75DC162A701D3F007F1101 /* AddEntryView.swift in Sources */ = {isa = PBXBuildFile; fileRef = 4D75DC152A701D3F007F1101 /* AddEntryView.swift */; };
		4D75DC1A2A7021CC007F1101 /* AddNewJournalEntry.swift in Sources */ = {isa = PBXBuildFile; fileRef = 4D75DC192A7021CC007F1101 /* AddNewJournalEntry.swift */; };
		4D75DC1D2A70375D007F1101 /* FormatDate.swift in Sources */ = {isa = PBXBuildFile; fileRef = 4D75DC1C2A70375D007F1101 /* FormatDate.swift */; };
/* End PBXBuildFile section */

/* Begin PBXFileReference section */
		4D01B08C2A743499006781BB /* Entry.swift */ = {isa = PBXFileReference; lastKnownFileType = sourcecode.swift; path = Entry.swift; sourceTree = "<group>"; };
		4D0A404C2A6FF5D100148256 /* MyJournal.app */ = {isa = PBXFileReference; explicitFileType = wrapper.application; includeInIndex = 0; path = MyJournal.app; sourceTree = BUILT_PRODUCTS_DIR; };
		4D0A404F2A6FF5D100148256 /* MyJournalApp.swift */ = {isa = PBXFileReference; lastKnownFileType = sourcecode.swift; path = MyJournalApp.swift; sourceTree = "<group>"; };
		4D0A40512A6FF5D100148256 /* ContentView.swift */ = {isa = PBXFileReference; lastKnownFileType = sourcecode.swift; path = ContentView.swift; sourceTree = "<group>"; };
		4D0A40532A6FF5D200148256 /* Assets.xcassets */ = {isa = PBXFileReference; lastKnownFileType = folder.assetcatalog; path = Assets.xcassets; sourceTree = "<group>"; };
		4D0A40562A6FF5D200148256 /* Preview Assets.xcassets */ = {isa = PBXFileReference; lastKnownFileType = folder.assetcatalog; path = "Preview Assets.xcassets"; sourceTree = "<group>"; };
		4D0A405F2A6FFC5B00148256 /* ListScreen.swift */ = {isa = PBXFileReference; lastKnownFileType = sourcecode.swift; path = ListScreen.swift; sourceTree = "<group>"; };
		4D0A40612A6FFCE600148256 /* PhotoScreen.swift */ = {isa = PBXFileReference; lastKnownFileType = sourcecode.swift; path = PhotoScreen.swift; sourceTree = "<group>"; };
		4D2906122A72C6AA00FF3826 /* View+Extensions.swift */ = {isa = PBXFileReference; lastKnownFileType = sourcecode.swift; path = "View+Extensions.swift"; sourceTree = "<group>"; };
		4D75DC132A700B5D007F1101 /* TabbedSidebar.swift */ = {isa = PBXFileReference; lastKnownFileType = sourcecode.swift; path = TabbedSidebar.swift; sourceTree = "<group>"; };
		4D75DC152A701D3F007F1101 /* AddEntryView.swift */ = {isa = PBXFileReference; lastKnownFileType = sourcecode.swift; path = AddEntryView.swift; sourceTree = "<group>"; };
		4D75DC192A7021CC007F1101 /* AddNewJournalEntry.swift */ = {isa = PBXFileReference; lastKnownFileType = sourcecode.swift; path = AddNewJournalEntry.swift; sourceTree = "<group>"; };
		4D75DC1C2A70375D007F1101 /* FormatDate.swift */ = {isa = PBXFileReference; lastKnownFileType = sourcecode.swift; path = FormatDate.swift; sourceTree = "<group>"; };
/* End PBXFileReference section */

/* Begin PBXFrameworksBuildPhase section */
		4D0A40492A6FF5D100148256 /* Frameworks */ = {
			isa = PBXFrameworksBuildPhase;
			buildActionMask = 2147483647;
			files = (
				4D01B08A2A742E54006781BB /* RealmSwift in Frameworks */,
				4D01B0882A742E54006781BB /* Realm in Frameworks */,
			);
			runOnlyForDeploymentPostprocessing = 0;
		};
/* End PBXFrameworksBuildPhase section */

/* Begin PBXGroup section */
		4D01B08B2A743466006781BB /* Models */ = {
			isa = PBXGroup;
			children = (
				4D01B08C2A743499006781BB /* Entry.swift */,
			);
			path = Models;
			sourceTree = "<group>";
		};
		4D0A40432A6FF5D100148256 = {
			isa = PBXGroup;
			children = (
				4D0A404E2A6FF5D100148256 /* MyJournal */,
				4D0A404D2A6FF5D100148256 /* Products */,
			);
			sourceTree = "<group>";
		};
		4D0A404D2A6FF5D100148256 /* Products */ = {
			isa = PBXGroup;
			children = (
				4D0A404C2A6FF5D100148256 /* MyJournal.app */,
			);
			name = Products;
			sourceTree = "<group>";
		};
		4D0A404E2A6FF5D100148256 /* MyJournal */ = {
			isa = PBXGroup;
			children = (
				4D01B08B2A743466006781BB /* Models */,
				4D2906112A72C69800FF3826 /* Extensions */,
				4D75DC1B2A70367D007F1101 /* Utilities */,
				4D0A405E2A6FFC2000148256 /* Views */,
				4D0A405D2A6FFC1200148256 /* Screens */,
				4D0A404F2A6FF5D100148256 /* MyJournalApp.swift */,
				4D0A40512A6FF5D100148256 /* ContentView.swift */,
				4D0A40532A6FF5D200148256 /* Assets.xcassets */,
				4D0A40552A6FF5D200148256 /* Preview Content */,
			);
			path = MyJournal;
			sourceTree = "<group>";
		};
		4D0A40552A6FF5D200148256 /* Preview Content */ = {
			isa = PBXGroup;
			children = (
				4D0A40562A6FF5D200148256 /* Preview Assets.xcassets */,
			);
			path = "Preview Content";
			sourceTree = "<group>";
		};
		4D0A405D2A6FFC1200148256 /* Screens */ = {
			isa = PBXGroup;
			children = (
				4D0A405F2A6FFC5B00148256 /* ListScreen.swift */,
				4D0A40612A6FFCE600148256 /* PhotoScreen.swift */,
				4D75DC192A7021CC007F1101 /* AddNewJournalEntry.swift */,
			);
			path = Screens;
			sourceTree = "<group>";
		};
		4D0A405E2A6FFC2000148256 /* Views */ = {
			isa = PBXGroup;
			children = (
				4D75DC132A700B5D007F1101 /* TabbedSidebar.swift */,
				4D75DC152A701D3F007F1101 /* AddEntryView.swift */,
			);
			path = Views;
			sourceTree = "<group>";
		};
		4D2906112A72C69800FF3826 /* Extensions */ = {
			isa = PBXGroup;
			children = (
				4D2906122A72C6AA00FF3826 /* View+Extensions.swift */,
			);
			path = Extensions;
			sourceTree = "<group>";
		};
		4D75DC1B2A70367D007F1101 /* Utilities */ = {
			isa = PBXGroup;
			children = (
				4D75DC1C2A70375D007F1101 /* FormatDate.swift */,
			);
			path = Utilities;
			sourceTree = "<group>";
		};
/* End PBXGroup section */

/* Begin PBXNativeTarget section */
		4D0A404B2A6FF5D100148256 /* MyJournal */ = {
			isa = PBXNativeTarget;
			buildConfigurationList = 4D0A405A2A6FF5D200148256 /* Build configuration list for PBXNativeTarget "MyJournal" */;
			buildPhases = (
				4D0A40482A6FF5D100148256 /* Sources */,
				4D0A40492A6FF5D100148256 /* Frameworks */,
				4D0A404A2A6FF5D100148256 /* Resources */,
			);
			buildRules = (
			);
			dependencies = (
			);
			name = MyJournal;
			packageProductDependencies = (
				4D01B0872A742E54006781BB /* Realm */,
				4D01B0892A742E54006781BB /* RealmSwift */,
			);
			productName = MyJournal;
			productReference = 4D0A404C2A6FF5D100148256 /* MyJournal.app */;
			productType = "com.apple.product-type.application";
		};
/* End PBXNativeTarget section */

/* Begin PBXProject section */
		4D0A40442A6FF5D100148256 /* Project object */ = {
			isa = PBXProject;
			attributes = {
				BuildIndependentTargetsInParallel = 1;
				LastSwiftUpdateCheck = 1430;
				LastUpgradeCheck = 1430;
				TargetAttributes = {
					4D0A404B2A6FF5D100148256 = {
						CreatedOnToolsVersion = 14.3.1;
					};
				};
			};
			buildConfigurationList = 4D0A40472A6FF5D100148256 /* Build configuration list for PBXProject "MyJournal" */;
			compatibilityVersion = "Xcode 14.0";
			developmentRegion = en;
			hasScannedForEncodings = 0;
			knownRegions = (
				en,
				Base,
			);
			mainGroup = 4D0A40432A6FF5D100148256;
			packageReferences = (
				4D01B0862A742E54006781BB /* XCRemoteSwiftPackageReference "realm-swift" */,
			);
			productRefGroup = 4D0A404D2A6FF5D100148256 /* Products */;
			projectDirPath = "";
			projectRoot = "";
			targets = (
				4D0A404B2A6FF5D100148256 /* MyJournal */,
			);
		};
/* End PBXProject section */

/* Begin PBXResourcesBuildPhase section */
		4D0A404A2A6FF5D100148256 /* Resources */ = {
			isa = PBXResourcesBuildPhase;
			buildActionMask = 2147483647;
			files = (
				4D0A40572A6FF5D200148256 /* Preview Assets.xcassets in Resources */,
				4D0A40542A6FF5D200148256 /* Assets.xcassets in Resources */,
			);
			runOnlyForDeploymentPostprocessing = 0;
		};
/* End PBXResourcesBuildPhase section */

/* Begin PBXSourcesBuildPhase section */
		4D0A40482A6FF5D100148256 /* Sources */ = {
			isa = PBXSourcesBuildPhase;
			buildActionMask = 2147483647;
			files = (
				4D01B08D2A743499006781BB /* Entry.swift in Sources */,
				4D75DC142A700B5D007F1101 /* TabbedSidebar.swift in Sources */,
				4D2906132A72C6AA00FF3826 /* View+Extensions.swift in Sources */,
				4D0A40522A6FF5D100148256 /* ContentView.swift in Sources */,
				4D75DC1D2A70375D007F1101 /* FormatDate.swift in Sources */,
				4D0A40602A6FFC5B00148256 /* ListScreen.swift in Sources */,
				4D75DC162A701D3F007F1101 /* AddEntryView.swift in Sources */,
				4D0A40502A6FF5D100148256 /* MyJournalApp.swift in Sources */,
				4D75DC1A2A7021CC007F1101 /* AddNewJournalEntry.swift in Sources */,
				4D0A40622A6FFCE600148256 /* PhotoScreen.swift in Sources */,
			);
			runOnlyForDeploymentPostprocessing = 0;
		};
/* End PBXSourcesBuildPhase section */

/* Begin XCBuildConfiguration section */
		4D0A40582A6FF5D200148256 /* Debug */ = {
			isa = XCBuildConfiguration;
			buildSettings = {
				ALWAYS_SEARCH_USER_PATHS = NO;
				CLANG_ANALYZER_NONNULL = YES;
				CLANG_ANALYZER_NUMBER_OBJECT_CONVERSION = YES_AGGRESSIVE;
				CLANG_CXX_LANGUAGE_STANDARD = "gnu++20";
				CLANG_ENABLE_MODULES = YES;
				CLANG_ENABLE_OBJC_ARC = YES;
				CLANG_ENABLE_OBJC_WEAK = YES;
				CLANG_WARN_BLOCK_CAPTURE_AUTORELEASING = YES;
				CLANG_WARN_BOOL_CONVERSION = YES;
				CLANG_WARN_COMMA = YES;
				CLANG_WARN_CONSTANT_CONVERSION = YES;
				CLANG_WARN_DEPRECATED_OBJC_IMPLEMENTATIONS = YES;
				CLANG_WARN_DIRECT_OBJC_ISA_USAGE = YES_ERROR;
				CLANG_WARN_DOCUMENTATION_COMMENTS = YES;
				CLANG_WARN_EMPTY_BODY = YES;
				CLANG_WARN_ENUM_CONVERSION = YES;
				CLANG_WARN_INFINITE_RECURSION = YES;
				CLANG_WARN_INT_CONVERSION = YES;
				CLANG_WARN_NON_LITERAL_NULL_CONVERSION = YES;
				CLANG_WARN_OBJC_IMPLICIT_RETAIN_SELF = YES;
				CLANG_WARN_OBJC_LITERAL_CONVERSION = YES;
				CLANG_WARN_OBJC_ROOT_CLASS = YES_ERROR;
				CLANG_WARN_QUOTED_INCLUDE_IN_FRAMEWORK_HEADER = YES;
				CLANG_WARN_RANGE_LOOP_ANALYSIS = YES;
				CLANG_WARN_STRICT_PROTOTYPES = YES;
				CLANG_WARN_SUSPICIOUS_MOVE = YES;
				CLANG_WARN_UNGUARDED_AVAILABILITY = YES_AGGRESSIVE;
				CLANG_WARN_UNREACHABLE_CODE = YES;
				CLANG_WARN__DUPLICATE_METHOD_MATCH = YES;
				COPY_PHASE_STRIP = NO;
				DEBUG_INFORMATION_FORMAT = dwarf;
				ENABLE_STRICT_OBJC_MSGSEND = YES;
				ENABLE_TESTABILITY = YES;
				GCC_C_LANGUAGE_STANDARD = gnu11;
				GCC_DYNAMIC_NO_PIC = NO;
				GCC_NO_COMMON_BLOCKS = YES;
				GCC_OPTIMIZATION_LEVEL = 0;
				GCC_PREPROCESSOR_DEFINITIONS = (
					"DEBUG=1",
					"$(inherited)",
				);
				GCC_WARN_64_TO_32_BIT_CONVERSION = YES;
				GCC_WARN_ABOUT_RETURN_TYPE = YES_ERROR;
				GCC_WARN_UNDECLARED_SELECTOR = YES;
				GCC_WARN_UNINITIALIZED_AUTOS = YES_AGGRESSIVE;
				GCC_WARN_UNUSED_FUNCTION = YES;
				GCC_WARN_UNUSED_VARIABLE = YES;
				IPHONEOS_DEPLOYMENT_TARGET = 16.4;
				MTL_ENABLE_DEBUG_INFO = INCLUDE_SOURCE;
				MTL_FAST_MATH = YES;
				ONLY_ACTIVE_ARCH = YES;
				SDKROOT = iphoneos;
				SWIFT_ACTIVE_COMPILATION_CONDITIONS = DEBUG;
				SWIFT_OPTIMIZATION_LEVEL = "-Onone";
			};
			name = Debug;
		};
		4D0A40592A6FF5D200148256 /* Release */ = {
			isa = XCBuildConfiguration;
			buildSettings = {
				ALWAYS_SEARCH_USER_PATHS = NO;
				CLANG_ANALYZER_NONNULL = YES;
				CLANG_ANALYZER_NUMBER_OBJECT_CONVERSION = YES_AGGRESSIVE;
				CLANG_CXX_LANGUAGE_STANDARD = "gnu++20";
				CLANG_ENABLE_MODULES = YES;
				CLANG_ENABLE_OBJC_ARC = YES;
				CLANG_ENABLE_OBJC_WEAK = YES;
				CLANG_WARN_BLOCK_CAPTURE_AUTORELEASING = YES;
				CLANG_WARN_BOOL_CONVERSION = YES;
				CLANG_WARN_COMMA = YES;
				CLANG_WARN_CONSTANT_CONVERSION = YES;
				CLANG_WARN_DEPRECATED_OBJC_IMPLEMENTATIONS = YES;
				CLANG_WARN_DIRECT_OBJC_ISA_USAGE = YES_ERROR;
				CLANG_WARN_DOCUMENTATION_COMMENTS = YES;
				CLANG_WARN_EMPTY_BODY = YES;
				CLANG_WARN_ENUM_CONVERSION = YES;
				CLANG_WARN_INFINITE_RECURSION = YES;
				CLANG_WARN_INT_CONVERSION = YES;
				CLANG_WARN_NON_LITERAL_NULL_CONVERSION = YES;
				CLANG_WARN_OBJC_IMPLICIT_RETAIN_SELF = YES;
				CLANG_WARN_OBJC_LITERAL_CONVERSION = YES;
				CLANG_WARN_OBJC_ROOT_CLASS = YES_ERROR;
				CLANG_WARN_QUOTED_INCLUDE_IN_FRAMEWORK_HEADER = YES;
				CLANG_WARN_RANGE_LOOP_ANALYSIS = YES;
				CLANG_WARN_STRICT_PROTOTYPES = YES;
				CLANG_WARN_SUSPICIOUS_MOVE = YES;
				CLANG_WARN_UNGUARDED_AVAILABILITY = YES_AGGRESSIVE;
				CLANG_WARN_UNREACHABLE_CODE = YES;
				CLANG_WARN__DUPLICATE_METHOD_MATCH = YES;
				COPY_PHASE_STRIP = NO;
				DEBUG_INFORMATION_FORMAT = "dwarf-with-dsym";
				ENABLE_NS_ASSERTIONS = NO;
				ENABLE_STRICT_OBJC_MSGSEND = YES;
				GCC_C_LANGUAGE_STANDARD = gnu11;
				GCC_NO_COMMON_BLOCKS = YES;
				GCC_WARN_64_TO_32_BIT_CONVERSION = YES;
				GCC_WARN_ABOUT_RETURN_TYPE = YES_ERROR;
				GCC_WARN_UNDECLARED_SELECTOR = YES;
				GCC_WARN_UNINITIALIZED_AUTOS = YES_AGGRESSIVE;
				GCC_WARN_UNUSED_FUNCTION = YES;
				GCC_WARN_UNUSED_VARIABLE = YES;
				IPHONEOS_DEPLOYMENT_TARGET = 16.4;
				MTL_ENABLE_DEBUG_INFO = NO;
				MTL_FAST_MATH = YES;
				SDKROOT = iphoneos;
				SWIFT_COMPILATION_MODE = wholemodule;
				SWIFT_OPTIMIZATION_LEVEL = "-O";
				VALIDATE_PRODUCT = YES;
			};
			name = Release;
		};
		4D0A405B2A6FF5D200148256 /* Debug */ = {
			isa = XCBuildConfiguration;
			buildSettings = {
				ASSETCATALOG_COMPILER_APPICON_NAME = AppIcon;
				ASSETCATALOG_COMPILER_GLOBAL_ACCENT_COLOR_NAME = AccentColor;
				CODE_SIGN_STYLE = Automatic;
				CURRENT_PROJECT_VERSION = 1;
				DEVELOPMENT_ASSET_PATHS = "\"MyJournal/Preview Content\"";
				DEVELOPMENT_TEAM = 56F54J4H3N;
				ENABLE_PREVIEWS = YES;
				GENERATE_INFOPLIST_FILE = YES;
				INFOPLIST_KEY_UIApplicationSceneManifest_Generation = YES;
				INFOPLIST_KEY_UIApplicationSupportsIndirectInputEvents = YES;
				INFOPLIST_KEY_UILaunchScreen_Generation = YES;
				INFOPLIST_KEY_UISupportedInterfaceOrientations_iPad = "UIInterfaceOrientationPortrait UIInterfaceOrientationPortraitUpsideDown UIInterfaceOrientationLandscapeLeft UIInterfaceOrientationLandscapeRight";
				INFOPLIST_KEY_UISupportedInterfaceOrientations_iPhone = "UIInterfaceOrientationPortrait UIInterfaceOrientationLandscapeLeft UIInterfaceOrientationLandscapeRight";
				LD_RUNPATH_SEARCH_PATHS = (
					"$(inherited)",
					"@executable_path/Frameworks",
				);
				MARKETING_VERSION = 1.0;
				PRODUCT_BUNDLE_IDENTIFIER = mobilesoftwareservices.MyJournal;
				PRODUCT_NAME = "$(TARGET_NAME)";
				SWIFT_EMIT_LOC_STRINGS = YES;
				SWIFT_VERSION = 5.0;
				TARGETED_DEVICE_FAMILY = "1,2";
			};
			name = Debug;
		};
		4D0A405C2A6FF5D200148256 /* Release */ = {
			isa = XCBuildConfiguration;
			buildSettings = {
				ASSETCATALOG_COMPILER_APPICON_NAME = AppIcon;
				ASSETCATALOG_COMPILER_GLOBAL_ACCENT_COLOR_NAME = AccentColor;
				CODE_SIGN_STYLE = Automatic;
				CURRENT_PROJECT_VERSION = 1;
				DEVELOPMENT_ASSET_PATHS = "\"MyJournal/Preview Content\"";
				DEVELOPMENT_TEAM = 56F54J4H3N;
				ENABLE_PREVIEWS = YES;
				GENERATE_INFOPLIST_FILE = YES;
				INFOPLIST_KEY_UIApplicationSceneManifest_Generation = YES;
				INFOPLIST_KEY_UIApplicationSupportsIndirectInputEvents = YES;
				INFOPLIST_KEY_UILaunchScreen_Generation = YES;
				INFOPLIST_KEY_UISupportedInterfaceOrientations_iPad = "UIInterfaceOrientationPortrait UIInterfaceOrientationPortraitUpsideDown UIInterfaceOrientationLandscapeLeft UIInterfaceOrientationLandscapeRight";
				INFOPLIST_KEY_UISupportedInterfaceOrientations_iPhone = "UIInterfaceOrientationPortrait UIInterfaceOrientationLandscapeLeft UIInterfaceOrientationLandscapeRight";
				LD_RUNPATH_SEARCH_PATHS = (
					"$(inherited)",
					"@executable_path/Frameworks",
				);
				MARKETING_VERSION = 1.0;
				PRODUCT_BUNDLE_IDENTIFIER = mobilesoftwareservices.MyJournal;
				PRODUCT_NAME = "$(TARGET_NAME)";
				SWIFT_EMIT_LOC_STRINGS = YES;
				SWIFT_VERSION = 5.0;
				TARGETED_DEVICE_FAMILY = "1,2";
			};
			name = Release;
		};
/* End XCBuildConfiguration section */

/* Begin XCConfigurationList section */
		4D0A40472A6FF5D100148256 /* Build configuration list for PBXProject "MyJournal" */ = {
			isa = XCConfigurationList;
			buildConfigurations = (
				4D0A40582A6FF5D200148256 /* Debug */,
				4D0A40592A6FF5D200148256 /* Release */,
			);
			defaultConfigurationIsVisible = 0;
			defaultConfigurationName = Release;
		};
		4D0A405A2A6FF5D200148256 /* Build configuration list for PBXNativeTarget "MyJournal" */ = {
			isa = XCConfigurationList;
			buildConfigurations = (
				4D0A405B2A6FF5D200148256 /* Debug */,
				4D0A405C2A6FF5D200148256 /* Release */,
			);
			defaultConfigurationIsVisible = 0;
			defaultConfigurationName = Release;
		};
/* End XCConfigurationList section */

/* Begin XCRemoteSwiftPackageReference section */
		4D01B0862A742E54006781BB /* XCRemoteSwiftPackageReference "realm-swift" */ = {
			isa = XCRemoteSwiftPackageReference;
			repositoryURL = "https://github.com/realm/realm-swift.git";
			requirement = {
				branch = master;
				kind = branch;
			};
		};
/* End XCRemoteSwiftPackageReference section */

/* Begin XCSwiftPackageProductDependency section */
		4D01B0872A742E54006781BB /* Realm */ = {
			isa = XCSwiftPackageProductDependency;
			package = 4D01B0862A742E54006781BB /* XCRemoteSwiftPackageReference "realm-swift" */;
			productName = Realm;
		};
		4D01B0892A742E54006781BB /* RealmSwift */ = {
			isa = XCSwiftPackageProductDependency;
			package = 4D01B0862A742E54006781BB /* XCRemoteSwiftPackageReference "realm-swift" */;
			productName = RealmSwift;
		};
/* End XCSwiftPackageProductDependency section */
	};
	rootObject = 4D0A40442A6FF5D100148256 /* Project object */;
}
